
Microsoft Visual Studio Solution File, Format Version 12.00
# Visual Studio Version 17
VisualStudioVersion = 17.6.33801.468
MinimumVisualStudioVersion = 10.0.40219.1
Project("{9A19103F-16F7-4668-BE54-9A1E7A4F7556}") = "DreamNode", "DreamNode\DreamNode.csproj", "{A2D43442-5722-4E3D-8C6D-11725D91EB07}"
EndProject
Global
	GlobalSection(SolutionConfigurationPlatforms) = preSolution
		Debug|Any CPU = Debug|Any CPU
		Release|Any CPU = Release|Any CPU
	EndGlobalSection
	GlobalSection(ProjectConfigurationPlatforms) = postSolution
		{A2D43442-5722-4E3D-8C6D-11725D91EB07}.Debug|Any CPU.ActiveCfg = Debug|Any CPU
		{A2D43442-5722-4E3D-8C6D-11725D91EB07}.Debug|Any CPU.Build.0 = Debug|Any CPU
		{A2D43442-5722-4E3D-8C6D-11725D91EB07}.Release|Any CPU.ActiveCfg = Release|Any CPU
		{A2D43442-5722-4E3D-8C6D-11725D91EB07}.Release|Any CPU.Build.0 = Release|Any CPU
	EndGlobalSection
	GlobalSection(SolutionProperties) = preSolution
		HideSolutionNode = FALSE
	EndGlobalSection
	GlobalSection(ExtensibilityGlobals) = postSolution
		SolutionGuid = {F3117E23-8279-4481-B208-97580E7EDA05}
	EndGlobalSection
EndGlobal
